{
  "name": "EmployeesManagerFullStack",
  "lockfileVersion": 2,
  "requires": true,
  "packages": {
    "": {
      "dependencies": {
        "react-native-date-picker": "^4.0.0"
      }
    },
    "node_modules/react-native-date-picker": {
      "version": "4.0.0",
      "resolved": "https://registry.npmjs.org/react-native-date-picker/-/react-native-date-picker-4.0.0.tgz",
      "integrity": "sha512-KbGn6rfR6vlxKwts4n9YPAdRd8RoVTlxTRv9wKFe4amPgGN7ddv/GfyMrp3UbKDy6xWNrtnzkbBWja5neg8URg=="
    }
  },
  "dependencies": {
    "react-native-date-picker": {
      "version": "4.0.0",
      "resolved": "https://registry.npmjs.org/react-native-date-picker/-/react-native-date-picker-4.0.0.tgz",
      "integrity": "sha512-KbGn6rfR6vlxKwts4n9YPAdRd8RoVTlxTRv9wKFe4amPgGN7ddv/GfyMrp3UbKDy6xWNrtnzkbBWja5neg8URg=="
    }
  }
}
